
Microsoft Visual Studio Solution File, Format Version 12.00
Project("{FAE04EC0-301F-11D3-BF4B-00C04F79EFBC}") = "SandboxTool", "SandboxTool.csproj", "{3984AF1E-F0D9-48F1-95E8-A0A93A85AD75}"
EndProject
Global
	GlobalSection(SolutionConfigurationPlatforms) = preSolution
		Debug|Any CPU = Debug|Any CPU
		Release|Any CPU = Release|Any CPU
	EndGlobalSection
	GlobalSection(ProjectConfigurationPlatforms) = postSolution
		{3984AF1E-F0D9-48F1-95E8-A0A93A85AD75}.Debug|Any CPU.ActiveCfg = Debug|Any CPU
		{3984AF1E-F0D9-48F1-95E8-A0A93A85AD75}.Debug|Any CPU.Build.0 = Debug|Any CPU
		{3984AF1E-F0D9-48F1-95E8-A0A93A85AD75}.Release|Any CPU.ActiveCfg = Release|Any CPU
		{3984AF1E-F0D9-48F1-95E8-A0A93A85AD75}.Release|Any CPU.Build.0 = Release|Any CPU
	EndGlobalSection
EndGlobal
